PODS:
  - Flutter (1.0.0)
  - flutter_contact_picker (0.0.1):
    - Flutter

DEPENDENCIES:
  - Flutter (from `Flutter`)
  - flutter_contact_picker (from `.symlinks/plugins/flutter_contact_picker/ios`)

EXTERNAL SOURCES:
  Flutter:
    :path: Flutter
  flutter_contact_picker:
    :path: ".symlinks/plugins/flutter_contact_picker/ios"

SPEC CHECKSUMS:
  Flutter: 0e3d915762c693b495b44d77113d4970485de6ec
  flutter_contact_picker: fb4846dda274cc64f1d2db93210384ccd1696afd

PODFILE CHECKSUM: aafe91acc616949ddb318b77800a7f51bffa2a4c

COCOAPODS: 1.9.3
