PODS:
  - Flutter (1.0.0)
  - flutter_native_contact_picker (0.0.1):
    - Flutter

DEPENDENCIES:
  - Flutter (from `Flutter`)
  - flutter_native_contact_picker (from `.symlinks/plugins/flutter_native_contact_picker/ios`)

EXTERNAL SOURCES:
  Flutter:
    :path: Flutter
  flutter_native_contact_picker:
    :path: ".symlinks/plugins/flutter_native_contact_picker/ios"

SPEC CHECKSUMS:
  Flutter: 434fef37c0980e73bb6479ef766c45957d4b510c
  flutter_native_contact_picker: bd430ba0fbf82768bb50c2c52a69a65759a8f907

PODFILE CHECKSUM: aafe91acc616949ddb318b77800a7f51bffa2a4c

COCOAPODS: 1.10.1
